
Microsoft Visual Studio Solution File, Format Version 12.00
# Visual Studio 15
VisualStudioVersion = 15.0.28010.2041
MinimumVisualStudioVersion = 10.0.40219.1
Project("{FAE04EC0-301F-11D3-BF4B-00C04F79EFBC}") = "Sales.Android", "Sales\Sales.Android\Sales.Android.csproj", "{394E74A3-423E-48F9-B55D-A50C13B521A6}"
EndProject
Project("{FAE04EC0-301F-11D3-BF4B-00C04F79EFBC}") = "Sales.iOS", "Sales\Sales.iOS\Sales.iOS.csproj", "{8B4DD80E-749A-4E58-9C11-CD26C511AB94}"
EndProject
Project("{FAE04EC0-301F-11D3-BF4B-00C04F79EFBC}") = "Sales.UWP", "Sales\Sales.UWP\Sales.UWP.csproj", "{B6D763D1-9EA5-4FF1-8604-B73D24B063D0}"
EndProject
Project("{FAE04EC0-301F-11D3-BF4B-00C04F79EFBC}") = "Sales", "Sales\Sales\Sales.csproj", "{B072C90E-9CA5-401F-BF60-D85AC9FFF8E9}"
EndProject
Global
	GlobalSection(SolutionConfigurationPlatforms) = preSolution
		Ad-Hoc|Any CPU = Ad-Hoc|Any CPU
		Ad-Hoc|ARM = Ad-Hoc|ARM
		Ad-Hoc|iPhone = Ad-Hoc|iPhone
		Ad-Hoc|iPhoneSimulator = Ad-Hoc|iPhoneSimulator
		Ad-Hoc|x64 = Ad-Hoc|x64
		Ad-Hoc|x86 = Ad-Hoc|x86
		AppStore|Any CPU = AppStore|Any CPU
		AppStore|ARM = AppStore|ARM
		AppStore|iPhone = AppStore|iPhone
		AppStore|iPhoneSimulator = AppStore|iPhoneSimulator
		AppStore|x64 = AppStore|x64
		AppStore|x86 = AppStore|x86
		Debug|Any CPU = Debug|Any CPU
		Debug|ARM = Debug|ARM
		Debug|iPhone = Debug|iPhone
		Debug|iPhoneSimulator = Debug|iPhoneSimulator
		Debug|x64 = Debug|x64
		Debug|x86 = Debug|x86
		Release|Any CPU = Release|Any CPU
		Release|ARM = Release|ARM
		Release|iPhone = Release|iPhone
		Release|iPhoneSimulator = Release|iPhoneSimulator
		Release|x64 = Release|x64
		Release|x86 = Release|x86
	EndGlobalSection
	GlobalSection(ProjectConfigurationPlatforms) = postSolution
		{394E74A3-423E-48F9-B55D-A50C13B521A6}.Ad-Hoc|Any CPU.ActiveCfg = Release|Any CPU
		{394E74A3-423E-48F9-B55D-A50C13B521A6}.Ad-Hoc|Any CPU.Build.0 = Release|Any CPU
		{394E74A3-423E-48F9-B55D-A50C13B521A6}.Ad-Hoc|Any CPU.Deploy.0 = Release|Any CPU
		{394E74A3-423E-48F9-B55D-A50C13B521A6}.Ad-Hoc|ARM.ActiveCfg = Release|Any CPU
		{394E74A3-423E-48F9-B55D-A50C13B521A6}.Ad-Hoc|ARM.Build.0 = Release|Any CPU
		{394E74A3-423E-48F9-B55D-A50C13B521A6}.Ad-Hoc|ARM.Deploy.0 = Release|Any CPU
		{394E74A3-423E-48F9-B55D-A50C13B521A6}.Ad-Hoc|iPhone.ActiveCfg = Release|Any CPU
		{394E74A3-423E-48F9-B55D-A50C13B521A6}.Ad-Hoc|iPhone.Build.0 = Release|Any CPU
		{394E74A3-423E-48F9-B55D-A50C13B521A6}.Ad-Hoc|iPhone.Deploy.0 = Release|Any CPU
		{394E74A3-423E-48F9-B55D-A50C13B521A6}.Ad-Hoc|iPhoneSimulator.ActiveCfg = Release|Any CPU
		{394E74A3-423E-48F9-B55D-A50C13B521A6}.Ad-Hoc|iPhoneSimulator.Build.0 = Release|Any CPU
		{394E74A3-423E-48F9-B55D-A50C13B521A6}.Ad-Hoc|iPhoneSimulator.Deploy.0 = Release|Any CPU
		{394E74A3-423E-48F9-B55D-A50C13B521A6}.Ad-Hoc|x64.ActiveCfg = Release|Any CPU
		{394E74A3-423E-48F9-B55D-A50C13B521A6}.Ad-Hoc|x64.Build.0 = Release|Any CPU
		{394E74A3-423E-48F9-B55D-A50C13B521A6}.Ad-Hoc|x64.Deploy.0 = Release|Any CPU
		{394E74A3-423E-48F9-B55D-A50C13B521A6}.Ad-Hoc|x86.ActiveCfg = Release|Any CPU
		{394E74A3-423E-48F9-B55D-A50C13B521A6}.Ad-Hoc|x86.Build.0 = Release|Any CPU
		{394E74A3-423E-48F9-B55D-A50C13B521A6}.Ad-Hoc|x86.Deploy.0 = Release|Any CPU
		{394E74A3-423E-48F9-B55D-A50C13B521A6}.AppStore|Any CPU.ActiveCfg = Release|Any CPU
		{394E74A3-423E-48F9-B55D-A50C13B521A6}.AppStore|Any CPU.Build.0 = Release|Any CPU
		{394E74A3-423E-48F9-B55D-A50C13B521A6}.AppStore|Any CPU.Deploy.0 = Release|Any CPU
		{394E74A3-423E-48F9-B55D-A50C13B521A6}.AppStore|ARM.ActiveCfg = Release|Any CPU
		{394E74A3-423E-48F9-B55D-A50C13B521A6}.AppStore|ARM.Build.0 = Release|Any CPU
		{394E74A3-423E-48F9-B55D-A50C13B521A6}.AppStore|ARM.Deploy.0 = Release|Any CPU
		{394E74A3-423E-48F9-B55D-A50C13B521A6}.AppStore|iPhone.ActiveCfg = Release|Any CPU
		{394E74A3-423E-48F9-B55D-A50C13B521A6}.AppStore|iPhone.Build.0 = Release|Any CPU
		{394E74A3-423E-48F9-B55D-A50C13B521A6}.AppStore|iPhone.Deploy.0 = Release|Any CPU
		{394E74A3-423E-48F9-B55D-A50C13B521A6}.AppStore|iPhoneSimulator.ActiveCfg = Release|Any CPU
		{394E74A3-423E-48F9-B55D-A50C13B521A6}.AppStore|iPhoneSimulator.Build.0 = Release|Any CPU
		{394E74A3-423E-48F9-B55D-A50C13B521A6}.AppStore|iPhoneSimulator.Deploy.0 = Release|Any CPU
		{394E74A3-423E-48F9-B55D-A50C13B521A6}.AppStore|x64.ActiveCfg = Release|Any CPU
		{394E74A3-423E-48F9-B55D-A50C13B521A6}.AppStore|x64.Build.0 = Release|Any CPU
		{394E74A3-423E-48F9-B55D-A50C13B521A6}.AppStore|x64.Deploy.0 = Release|Any CPU
		{394E74A3-423E-48F9-B55D-A50C13B521A6}.AppStore|x86.ActiveCfg = Release|Any CPU
		{394E74A3-423E-48F9-B55D-A50C13B521A6}.AppStore|x86.Build.0 = Release|Any CPU
		{394E74A3-423E-48F9-B55D-A50C13B521A6}.AppStore|x86.Deploy.0 = Release|Any CPU
		{394E74A3-423E-48F9-B55D-A50C13B521A6}.Debug|Any CPU.ActiveCfg = Debug|Any CPU
		{394E74A3-423E-48F9-B55D-A50C13B521A6}.Debug|Any CPU.Build.0 = Debug|Any CPU
		{394E74A3-423E-48F9-B55D-A50C13B521A6}.Debug|Any CPU.Deploy.0 = Debug|Any CPU
		{394E74A3-423E-48F9-B55D-A50C13B521A6}.Debug|ARM.ActiveCfg = Debug|Any CPU
		{394E74A3-423E-48F9-B55D-A50C13B521A6}.Debug|ARM.Build.0 = Debug|Any CPU
		{394E74A3-423E-48F9-B55D-A50C13B521A6}.Debug|ARM.Deploy.0 = Debug|Any CPU
		{394E74A3-423E-48F9-B55D-A50C13B521A6}.Debug|iPhone.ActiveCfg = Debug|Any CPU
		{394E74A3-423E-48F9-B55D-A50C13B521A6}.Debug|iPhone.Build.0 = Debug|Any CPU
		{394E74A3-423E-48F9-B55D-A50C13B521A6}.Debug|iPhone.Deploy.0 = Debug|Any CPU
		{394E74A3-423E-48F9-B55D-A50C13B521A6}.Debug|iPhoneSimulator.ActiveCfg = Debug|Any CPU
		{394E74A3-423E-48F9-B55D-A50C13B521A6}.Debug|iPhoneSimulator.Build.0 = Debug|Any CPU
		{394E74A3-423E-48F9-B55D-A50C13B521A6}.Debug|iPhoneSimulator.Deploy.0 = Debug|Any CPU
		{394E74A3-423E-48F9-B55D-A50C13B521A6}.Debug|x64.ActiveCfg = Debug|Any CPU
		{394E74A3-423E-48F9-B55D-A50C13B521A6}.Debug|x64.Build.0 = Debug|Any CPU
		{394E74A3-423E-48F9-B55D-A50C13B521A6}.Debug|x64.Deploy.0 = Debug|Any CPU
		{394E74A3-423E-48F9-B55D-A50C13B521A6}.Debug|x86.ActiveCfg = Debug|Any CPU
		{394E74A3-423E-48F9-B55D-A50C13B521A6}.Debug|x86.Build.0 = Debug|Any CPU
		{394E74A3-423E-48F9-B55D-A50C13B521A6}.Debug|x86.Deploy.0 = Debug|Any CPU
		{394E74A3-423E-48F9-B55D-A50C13B521A6}.Release|Any CPU.ActiveCfg = Release|Any CPU
		{394E74A3-423E-48F9-B55D-A50C13B521A6}.Release|Any CPU.Build.0 = Release|Any CPU
		{394E74A3-423E-48F9-B55D-A50C13B521A6}.Release|Any CPU.Deploy.0 = Release|Any CPU
		{394E74A3-423E-48F9-B55D-A50C13B521A6}.Release|ARM.ActiveCfg = Release|Any CPU
		{394E74A3-423E-48F9-B55D-A50C13B521A6}.Release|ARM.Build.0 = Release|Any CPU
		{394E74A3-423E-48F9-B55D-A50C13B521A6}.Release|ARM.Deploy.0 = Release|Any CPU
		{394E74A3-423E-48F9-B55D-A50C13B521A6}.Release|iPhone.ActiveCfg = Release|Any CPU
		{394E74A3-423E-48F9-B55D-A50C13B521A6}.Release|iPhone.Build.0 = Release|Any CPU
		{394E74A3-423E-48F9-B55D-A50C13B521A6}.Release|iPhone.Deploy.0 = Release|Any CPU
		{394E74A3-423E-48F9-B55D-A50C13B521A6}.Release|iPhoneSimulator.ActiveCfg = Release|Any CPU
		{394E74A3-423E-48F9-B55D-A50C13B521A6}.Release|iPhoneSimulator.Build.0 = Release|Any CPU
		{394E74A3-423E-48F9-B55D-A50C13B521A6}.Release|iPhoneSimulator.Deploy.0 = Release|Any CPU
		{394E74A3-423E-48F9-B55D-A50C13B521A6}.Release|x64.ActiveCfg = Release|Any CPU
		{394E74A3-423E-48F9-B55D-A50C13B521A6}.Release|x64.Build.0 = Release|Any CPU
		{394E74A3-423E-48F9-B55D-A50C13B521A6}.Release|x64.Deploy.0 = Release|Any CPU
		{394E74A3-423E-48F9-B55D-A50C13B521A6}.Release|x86.ActiveCfg = Release|Any CPU
		{394E74A3-423E-48F9-B55D-A50C13B521A6}.Release|x86.Build.0 = Release|Any CPU
		{394E74A3-423E-48F9-B55D-A50C13B521A6}.Release|x86.Deploy.0 = Release|Any CPU
		{8B4DD80E-749A-4E58-9C11-CD26C511AB94}.Ad-Hoc|Any CPU.ActiveCfg = Ad-Hoc|iPhone
		{8B4DD80E-749A-4E58-9C11-CD26C511AB94}.Ad-Hoc|Any CPU.Build.0 = Ad-Hoc|iPhone
		{8B4DD80E-749A-4E58-9C11-CD26C511AB94}.Ad-Hoc|Any CPU.Deploy.0 = Ad-Hoc|iPhone
		{8B4DD80E-749A-4E58-9C11-CD26C511AB94}.Ad-Hoc|ARM.ActiveCfg = Ad-Hoc|iPhone
		{8B4DD80E-749A-4E58-9C11-CD26C511AB94}.Ad-Hoc|ARM.Build.0 = Ad-Hoc|iPhone
		{8B4DD80E-749A-4E58-9C11-CD26C511AB94}.Ad-Hoc|ARM.Deploy.0 = Ad-Hoc|iPhone
		{8B4DD80E-749A-4E58-9C11-CD26C511AB94}.Ad-Hoc|iPhone.ActiveCfg = Ad-Hoc|iPhone
		{8B4DD80E-749A-4E58-9C11-CD26C511AB94}.Ad-Hoc|iPhone.Build.0 = Ad-Hoc|iPhone
		{8B4DD80E-749A-4E58-9C11-CD26C511AB94}.Ad-Hoc|iPhone.Deploy.0 = Ad-Hoc|iPhone
		{8B4DD80E-749A-4E58-9C11-CD26C511AB94}.Ad-Hoc|iPhoneSimulator.ActiveCfg = Ad-Hoc|iPhoneSimulator
		{8B4DD80E-749A-4E58-9C11-CD26C511AB94}.Ad-Hoc|iPhoneSimulator.Build.0 = Ad-Hoc|iPhoneSimulator
		{8B4DD80E-749A-4E58-9C11-CD26C511AB94}.Ad-Hoc|iPhoneSimulator.Deploy.0 = Ad-Hoc|iPhoneSimulator
		{8B4DD80E-749A-4E58-9C11-CD26C511AB94}.Ad-Hoc|x64.ActiveCfg = Ad-Hoc|iPhone
		{8B4DD80E-749A-4E58-9C11-CD26C511AB94}.Ad-Hoc|x64.Build.0 = Ad-Hoc|iPhone
		{8B4DD80E-749A-4E58-9C11-CD26C511AB94}.Ad-Hoc|x64.Deploy.0 = Ad-Hoc|iPhone
		{8B4DD80E-749A-4E58-9C11-CD26C511AB94}.Ad-Hoc|x86.ActiveCfg = Ad-Hoc|iPhone
		{8B4DD80E-749A-4E58-9C11-CD26C511AB94}.Ad-Hoc|x86.Build.0 = Ad-Hoc|iPhone
		{8B4DD80E-749A-4E58-9C11-CD26C511AB94}.Ad-Hoc|x86.Deploy.0 = Ad-Hoc|iPhone
		{8B4DD80E-749A-4E58-9C11-CD26C511AB94}.AppStore|Any CPU.ActiveCfg = AppStore|iPhone
		{8B4DD80E-749A-4E58-9C11-CD26C511AB94}.AppStore|Any CPU.Build.0 = AppStore|iPhone
		{8B4DD80E-749A-4E58-9C11-CD26C511AB94}.AppStore|Any CPU.Deploy.0 = AppStore|iPhone
		{8B4DD80E-749A-4E58-9C11-CD26C511AB94}.AppStore|ARM.ActiveCfg = AppStore|iPhone
		{8B4DD80E-749A-4E58-9C11-CD26C511AB94}.AppStore|ARM.Build.0 = AppStore|iPhone
		{8B4DD80E-749A-4E58-9C11-CD26C511AB94}.AppStore|ARM.Deploy.0 = AppStore|iPhone
		{8B4DD80E-749A-4E58-9C11-CD26C511AB94}.AppStore|iPhone.ActiveCfg = AppStore|iPhone
		{8B4DD80E-749A-4E58-9C11-CD26C511AB94}.AppStore|iPhone.Build.0 = AppStore|iPhone
		{8B4DD80E-749A-4E58-9C11-CD26C511AB94}.AppStore|iPhone.Deploy.0 = AppStore|iPhone
		{8B4DD80E-749A-4E58-9C11-CD26C511AB94}.AppStore|iPhoneSimulator.ActiveCfg = AppStore|iPhoneSimulator
		{8B4DD80E-749A-4E58-9C11-CD26C511AB94}.AppStore|iPhoneSimulator.Build.0 = AppStore|iPhoneSimulator
		{8B4DD80E-749A-4E58-9C11-CD26C511AB94}.AppStore|iPhoneSimulator.Deploy.0 = AppStore|iPhoneSimulator
		{8B4DD80E-749A-4E58-9C11-CD26C511AB94}.AppStore|x64.ActiveCfg = AppStore|iPhone
		{8B4DD80E-749A-4E58-9C11-CD26C511AB94}.AppStore|x64.Build.0 = AppStore|iPhone
		{8B4DD80E-749A-4E58-9C11-CD26C511AB94}.AppStore|x64.Deploy.0 = AppStore|iPhone
		{8B4DD80E-749A-4E58-9C11-CD26C511AB94}.AppStore|x86.ActiveCfg = AppStore|iPhone
		{8B4DD80E-749A-4E58-9C11-CD26C511AB94}.AppStore|x86.Build.0 = AppStore|iPhone
		{8B4DD80E-749A-4E58-9C11-CD26C511AB94}.AppStore|x86.Deploy.0 = AppStore|iPhone
		{8B4DD80E-749A-4E58-9C11-CD26C511AB94}.Debug|Any CPU.ActiveCfg = Debug|iPhoneSimulator
		{8B4DD80E-749A-4E58-9C11-CD26C511AB94}.Debug|Any CPU.Build.0 = Debug|iPhoneSimulator
		{8B4DD80E-749A-4E58-9C11-CD26C511AB94}.Debug|Any CPU.Deploy.0 = Debug|iPhoneSimulator
		{8B4DD80E-749A-4E58-9C11-CD26C511AB94}.Debug|ARM.ActiveCfg = Debug|iPhone
		{8B4DD80E-749A-4E58-9C11-CD26C511AB94}.Debug|ARM.Build.0 = Debug|iPhone
		{8B4DD80E-749A-4E58-9C11-CD26C511AB94}.Debug|ARM.Deploy.0 = Debug|iPhone
		{8B4DD80E-749A-4E58-9C11-CD26C511AB94}.Debug|iPhone.ActiveCfg = Debug|iPhone
		{8B4DD80E-749A-4E58-9C11-CD26C511AB94}.Debug|iPhone.Build.0 = Debug|iPhone
		{8B4DD80E-749A-4E58-9C11-CD26C511AB94}.Debug|iPhone.Deploy.0 = Debug|iPhone
		{8B4DD80E-749A-4E58-9C11-CD26C511AB94}.Debug|iPhoneSimulator.ActiveCfg = Debug|iPhoneSimulator
		{8B4DD80E-749A-4E58-9C11-CD26C511AB94}.Debug|iPhoneSimulator.Build.0 = Debug|iPhoneSimulator
		{8B4DD80E-749A-4E58-9C11-CD26C511AB94}.Debug|iPhoneSimulator.Deploy.0 = Debug|iPhoneSimulator
		{8B4DD80E-749A-4E58-9C11-CD26C511AB94}.Debug|x64.ActiveCfg = Debug|iPhone
		{8B4DD80E-749A-4E58-9C11-CD26C511AB94}.Debug|x64.Build.0 = Debug|iPhone
		{8B4DD80E-749A-4E58-9C11-CD26C511AB94}.Debug|x64.Deploy.0 = Debug|iPhone
		{8B4DD80E-749A-4E58-9C11-CD26C511AB94}.Debug|x86.ActiveCfg = Debug|iPhone
		{8B4DD80E-749A-4E58-9C11-CD26C511AB94}.Debug|x86.Build.0 = Debug|iPhone
		{8B4DD80E-749A-4E58-9C11-CD26C511AB94}.Debug|x86.Deploy.0 = Debug|iPhone
		{8B4DD80E-749A-4E58-9C11-CD26C511AB94}.Release|Any CPU.ActiveCfg = Release|iPhone
		{8B4DD80E-749A-4E58-9C11-CD26C511AB94}.Release|Any CPU.Build.0 = Release|iPhone
		{8B4DD80E-749A-4E58-9C11-CD26C511AB94}.Release|Any CPU.Deploy.0 = Release|iPhone
		{8B4DD80E-749A-4E58-9C11-CD26C511AB94}.Release|ARM.ActiveCfg = Release|iPhone
		{8B4DD80E-749A-4E58-9C11-CD26C511AB94}.Release|ARM.Build.0 = Release|iPhone
		{8B4DD80E-749A-4E58-9C11-CD26C511AB94}.Release|ARM.Deploy.0 = Release|iPhone
		{8B4DD80E-749A-4E58-9C11-CD26C511AB94}.Release|iPhone.ActiveCfg = Release|iPhone
		{8B4DD80E-749A-4E58-9C11-CD26C511AB94}.Release|iPhone.Build.0 = Release|iPhone
		{8B4DD80E-749A-4E58-9C11-CD26C511AB94}.Release|iPhone.Deploy.0 = Release|iPhone
		{8B4DD80E-749A-4E58-9C11-CD26C511AB94}.Release|iPhoneSimulator.ActiveCfg = Release|iPhoneSimulator
		{8B4DD80E-749A-4E58-9C11-CD26C511AB94}.Release|iPhoneSimulator.Build.0 = Release|iPhoneSimulator
		{8B4DD80E-749A-4E58-9C11-CD26C511AB94}.Release|iPhoneSimulator.Deploy.0 = Release|iPhoneSimulator
		{8B4DD80E-749A-4E58-9C11-CD26C511AB94}.Release|x64.ActiveCfg = Release|iPhone
		{8B4DD80E-749A-4E58-9C11-CD26C511AB94}.Release|x64.Build.0 = Release|iPhone
		{8B4DD80E-749A-4E58-9C11-CD26C511AB94}.Release|x64.Deploy.0 = Release|iPhone
		{8B4DD80E-749A-4E58-9C11-CD26C511AB94}.Release|x86.ActiveCfg = Release|iPhone
		{8B4DD80E-749A-4E58-9C11-CD26C511AB94}.Release|x86.Build.0 = Release|iPhone
		{8B4DD80E-749A-4E58-9C11-CD26C511AB94}.Release|x86.Deploy.0 = Release|iPhone
		{B6D763D1-9EA5-4FF1-8604-B73D24B063D0}.Ad-Hoc|Any CPU.ActiveCfg = Release|x86
		{B6D763D1-9EA5-4FF1-8604-B73D24B063D0}.Ad-Hoc|Any CPU.Build.0 = Release|x86
		{B6D763D1-9EA5-4FF1-8604-B73D24B063D0}.Ad-Hoc|Any CPU.Deploy.0 = Release|x86
		{B6D763D1-9EA5-4FF1-8604-B73D24B063D0}.Ad-Hoc|ARM.ActiveCfg = Release|ARM
		{B6D763D1-9EA5-4FF1-8604-B73D24B063D0}.Ad-Hoc|ARM.Build.0 = Release|ARM
		{B6D763D1-9EA5-4FF1-8604-B73D24B063D0}.Ad-Hoc|ARM.Deploy.0 = Release|ARM
		{B6D763D1-9EA5-4FF1-8604-B73D24B063D0}.Ad-Hoc|iPhone.ActiveCfg = Release|x86
		{B6D763D1-9EA5-4FF1-8604-B73D24B063D0}.Ad-Hoc|iPhone.Build.0 = Release|x86
		{B6D763D1-9EA5-4FF1-8604-B73D24B063D0}.Ad-Hoc|iPhone.Deploy.0 = Release|x86
		{B6D763D1-9EA5-4FF1-8604-B73D24B063D0}.Ad-Hoc|iPhoneSimulator.ActiveCfg = Release|x86
		{B6D763D1-9EA5-4FF1-8604-B73D24B063D0}.Ad-Hoc|iPhoneSimulator.Build.0 = Release|x86
		{B6D763D1-9EA5-4FF1-8604-B73D24B063D0}.Ad-Hoc|iPhoneSimulator.Deploy.0 = Release|x86
		{B6D763D1-9EA5-4FF1-8604-B73D24B063D0}.Ad-Hoc|x64.ActiveCfg = Release|x64
		{B6D763D1-9EA5-4FF1-8604-B73D24B063D0}.Ad-Hoc|x64.Build.0 = Release|x64
		{B6D763D1-9EA5-4FF1-8604-B73D24B063D0}.Ad-Hoc|x64.Deploy.0 = Release|x64
		{B6D763D1-9EA5-4FF1-8604-B73D24B063D0}.Ad-Hoc|x86.ActiveCfg = Release|x86
		{B6D763D1-9EA5-4FF1-8604-B73D24B063D0}.Ad-Hoc|x86.Build.0 = Release|x86
		{B6D763D1-9EA5-4FF1-8604-B73D24B063D0}.Ad-Hoc|x86.Deploy.0 = Release|x86
		{B6D763D1-9EA5-4FF1-8604-B73D24B063D0}.AppStore|Any CPU.ActiveCfg = Release|x86
		{B6D763D1-9EA5-4FF1-8604-B73D24B063D0}.AppStore|Any CPU.Build.0 = Release|x86
		{B6D763D1-9EA5-4FF1-8604-B73D24B063D0}.AppStore|Any CPU.Deploy.0 = Release|x86
		{B6D763D1-9EA5-4FF1-8604-B73D24B063D0}.AppStore|ARM.ActiveCfg = Release|ARM
		{B6D763D1-9EA5-4FF1-8604-B73D24B063D0}.AppStore|ARM.Build.0 = Release|ARM
		{B6D763D1-9EA5-4FF1-8604-B73D24B063D0}.AppStore|ARM.Deploy.0 = Release|ARM
		{B6D763D1-9EA5-4FF1-8604-B73D24B063D0}.AppStore|iPhone.ActiveCfg = Release|x86
		{B6D763D1-9EA5-4FF1-8604-B73D24B063D0}.AppStore|iPhone.Build.0 = Release|x86
		{B6D763D1-9EA5-4FF1-8604-B73D24B063D0}.AppStore|iPhone.Deploy.0 = Release|x86
		{B6D763D1-9EA5-4FF1-8604-B73D24B063D0}.AppStore|iPhoneSimulator.ActiveCfg = Release|x86
		{B6D763D1-9EA5-4FF1-8604-B73D24B063D0}.AppStore|iPhoneSimulator.Build.0 = Release|x86
		{B6D763D1-9EA5-4FF1-8604-B73D24B063D0}.AppStore|iPhoneSimulator.Deploy.0 = Release|x86
		{B6D763D1-9EA5-4FF1-8604-B73D24B063D0}.AppStore|x64.ActiveCfg = Release|x64
		{B6D763D1-9EA5-4FF1-8604-B73D24B063D0}.AppStore|x64.Build.0 = Release|x64
		{B6D763D1-9EA5-4FF1-8604-B73D24B063D0}.AppStore|x64.Deploy.0 = Release|x64
		{B6D763D1-9EA5-4FF1-8604-B73D24B063D0}.AppStore|x86.ActiveCfg = Release|x86
		{B6D763D1-9EA5-4FF1-8604-B73D24B063D0}.AppStore|x86.Build.0 = Release|x86
		{B6D763D1-9EA5-4FF1-8604-B73D24B063D0}.AppStore|x86.Deploy.0 = Release|x86
		{B6D763D1-9EA5-4FF1-8604-B73D24B063D0}.Debug|Any CPU.ActiveCfg = Debug|x86
		{B6D763D1-9EA5-4FF1-8604-B73D24B063D0}.Debug|Any CPU.Build.0 = Debug|x86
		{B6D763D1-9EA5-4FF1-8604-B73D24B063D0}.Debug|Any CPU.Deploy.0 = Debug|x86
		{B6D763D1-9EA5-4FF1-8604-B73D24B063D0}.Debug|ARM.ActiveCfg = Debug|ARM
		{B6D763D1-9EA5-4FF1-8604-B73D24B063D0}.Debug|ARM.Build.0 = Debug|ARM
		{B6D763D1-9EA5-4FF1-8604-B73D24B063D0}.Debug|ARM.Deploy.0 = Debug|ARM
		{B6D763D1-9EA5-4FF1-8604-B73D24B063D0}.Debug|iPhone.ActiveCfg = Debug|x86
		{B6D763D1-9EA5-4FF1-8604-B73D24B063D0}.Debug|iPhone.Build.0 = Debug|x86
		{B6D763D1-9EA5-4FF1-8604-B73D24B063D0}.Debug|iPhone.Deploy.0 = Debug|x86
		{B6D763D1-9EA5-4FF1-8604-B73D24B063D0}.Debug|iPhoneSimulator.ActiveCfg = Debug|x86
		{B6D763D1-9EA5-4FF1-8604-B73D24B063D0}.Debug|iPhoneSimulator.Build.0 = Debug|x86
		{B6D763D1-9EA5-4FF1-8604-B73D24B063D0}.Debug|iPhoneSimulator.Deploy.0 = Debug|x86
		{B6D763D1-9EA5-4FF1-8604-B73D24B063D0}.Debug|x64.ActiveCfg = Debug|x64
		{B6D763D1-9EA5-4FF1-8604-B73D24B063D0}.Debug|x64.Build.0 = Debug|x64
		{B6D763D1-9EA5-4FF1-8604-B73D24B063D0}.Debug|x64.Deploy.0 = Debug|x64
		{B6D763D1-9EA5-4FF1-8604-B73D24B063D0}.Debug|x86.ActiveCfg = Debug|x86
		{B6D763D1-9EA5-4FF1-8604-B73D24B063D0}.Debug|x86.Build.0 = Debug|x86
		{B6D763D1-9EA5-4FF1-8604-B73D24B063D0}.Debug|x86.Deploy.0 = Debug|x86
		{B6D763D1-9EA5-4FF1-8604-B73D24B063D0}.Release|Any CPU.ActiveCfg = Release|x86
		{B6D763D1-9EA5-4FF1-8604-B73D24B063D0}.Release|Any CPU.Build.0 = Release|x86
		{B6D763D1-9EA5-4FF1-8604-B73D24B063D0}.Release|Any CPU.Deploy.0 = Release|x86
		{B6D763D1-9EA5-4FF1-8604-B73D24B063D0}.Release|ARM.ActiveCfg = Release|ARM
		{B6D763D1-9EA5-4FF1-8604-B73D24B063D0}.Release|ARM.Build.0 = Release|ARM
		{B6D763D1-9EA5-4FF1-8604-B73D24B063D0}.Release|ARM.Deploy.0 = Release|ARM
		{B6D763D1-9EA5-4FF1-8604-B73D24B063D0}.Release|iPhone.ActiveCfg = Release|x86
		{B6D763D1-9EA5-4FF1-8604-B73D24B063D0}.Release|iPhone.Build.0 = Release|x86
		{B6D763D1-9EA5-4FF1-8604-B73D24B063D0}.Release|iPhone.Deploy.0 = Release|x86
		{B6D763D1-9EA5-4FF1-8604-B73D24B063D0}.Release|iPhoneSimulator.ActiveCfg = Release|x86
		{B6D763D1-9EA5-4FF1-8604-B73D24B063D0}.Release|iPhoneSimulator.Build.0 = Release|x86
		{B6D763D1-9EA5-4FF1-8604-B73D24B063D0}.Release|iPhoneSimulator.Deploy.0 = Release|x86
		{B6D763D1-9EA5-4FF1-8604-B73D24B063D0}.Release|x64.ActiveCfg = Release|x64
		{B6D763D1-9EA5-4FF1-8604-B73D24B063D0}.Release|x64.Build.0 = Release|x64
		{B6D763D1-9EA5-4FF1-8604-B73D24B063D0}.Release|x64.Deploy.0 = Release|x64
		{B6D763D1-9EA5-4FF1-8604-B73D24B063D0}.Release|x86.ActiveCfg = Release|x86
		{B6D763D1-9EA5-4FF1-8604-B73D24B063D0}.Release|x86.Build.0 = Release|x86
		{B6D763D1-9EA5-4FF1-8604-B73D24B063D0}.Release|x86.Deploy.0 = Release|x86
		{B072C90E-9CA5-401F-BF60-D85AC9FFF8E9}.Ad-Hoc|Any CPU.ActiveCfg = Debug|Any CPU
		{B072C90E-9CA5-401F-BF60-D85AC9FFF8E9}.Ad-Hoc|Any CPU.Build.0 = Debug|Any CPU
		{B072C90E-9CA5-401F-BF60-D85AC9FFF8E9}.Ad-Hoc|Any CPU.Deploy.0 = Debug|Any CPU
		{B072C90E-9CA5-401F-BF60-D85AC9FFF8E9}.Ad-Hoc|ARM.ActiveCfg = Debug|Any CPU
		{B072C90E-9CA5-401F-BF60-D85AC9FFF8E9}.Ad-Hoc|ARM.Build.0 = Debug|Any CPU
		{B072C90E-9CA5-401F-BF60-D85AC9FFF8E9}.Ad-Hoc|ARM.Deploy.0 = Debug|Any CPU
		{B072C90E-9CA5-401F-BF60-D85AC9FFF8E9}.Ad-Hoc|iPhone.ActiveCfg = Debug|Any CPU
		{B072C90E-9CA5-401F-BF60-D85AC9FFF8E9}.Ad-Hoc|iPhone.Build.0 = Debug|Any CPU
		{B072C90E-9CA5-401F-BF60-D85AC9FFF8E9}.Ad-Hoc|iPhone.Deploy.0 = Debug|Any CPU
		{B072C90E-9CA5-401F-BF60-D85AC9FFF8E9}.Ad-Hoc|iPhoneSimulator.ActiveCfg = Debug|Any CPU
		{B072C90E-9CA5-401F-BF60-D85AC9FFF8E9}.Ad-Hoc|iPhoneSimulator.Build.0 = Debug|Any CPU
		{B072C90E-9CA5-401F-BF60-D85AC9FFF8E9}.Ad-Hoc|iPhoneSimulator.Deploy.0 = Debug|Any CPU
		{B072C90E-9CA5-401F-BF60-D85AC9FFF8E9}.Ad-Hoc|x64.ActiveCfg = Debug|Any CPU
		{B072C90E-9CA5-401F-BF60-D85AC9FFF8E9}.Ad-Hoc|x64.Build.0 = Debug|Any CPU
		{B072C90E-9CA5-401F-BF60-D85AC9FFF8E9}.Ad-Hoc|x64.Deploy.0 = Debug|Any CPU
		{B072C90E-9CA5-401F-BF60-D85AC9FFF8E9}.Ad-Hoc|x86.ActiveCfg = Debug|Any CPU
		{B072C90E-9CA5-401F-BF60-D85AC9FFF8E9}.Ad-Hoc|x86.Build.0 = Debug|Any CPU
		{B072C90E-9CA5-401F-BF60-D85AC9FFF8E9}.Ad-Hoc|x86.Deploy.0 = Debug|Any CPU
		{B072C90E-9CA5-401F-BF60-D85AC9FFF8E9}.AppStore|Any CPU.ActiveCfg = Debug|Any CPU
		{B072C90E-9CA5-401F-BF60-D85AC9FFF8E9}.AppStore|Any CPU.Build.0 = Debug|Any CPU
		{B072C90E-9CA5-401F-BF60-D85AC9FFF8E9}.AppStore|Any CPU.Deploy.0 = Debug|Any CPU
		{B072C90E-9CA5-401F-BF60-D85AC9FFF8E9}.AppStore|ARM.ActiveCfg = Debug|Any CPU
		{B072C90E-9CA5-401F-BF60-D85AC9FFF8E9}.AppStore|ARM.Build.0 = Debug|Any CPU
		{B072C90E-9CA5-401F-BF60-D85AC9FFF8E9}.AppStore|ARM.Deploy.0 = Debug|Any CPU
		{B072C90E-9CA5-401F-BF60-D85AC9FFF8E9}.AppStore|iPhone.ActiveCfg = Debug|Any CPU
		{B072C90E-9CA5-401F-BF60-D85AC9FFF8E9}.AppStore|iPhone.Build.0 = Debug|Any CPU
		{B072C90E-9CA5-401F-BF60-D85AC9FFF8E9}.AppStore|iPhone.Deploy.0 = Debug|Any CPU
		{B072C90E-9CA5-401F-BF60-D85AC9FFF8E9}.AppStore|iPhoneSimulator.ActiveCfg = Debug|Any CPU
		{B072C90E-9CA5-401F-BF60-D85AC9FFF8E9}.AppStore|iPhoneSimulator.Build.0 = Debug|Any CPU
		{B072C90E-9CA5-401F-BF60-D85AC9FFF8E9}.AppStore|iPhoneSimulator.Deploy.0 = Debug|Any CPU
		{B072C90E-9CA5-401F-BF60-D85AC9FFF8E9}.AppStore|x64.ActiveCfg = Debug|Any CPU
		{B072C90E-9CA5-401F-BF60-D85AC9FFF8E9}.AppStore|x64.Build.0 = Debug|Any CPU
		{B072C90E-9CA5-401F-BF60-D85AC9FFF8E9}.AppStore|x64.Deploy.0 = Debug|Any CPU
		{B072C90E-9CA5-401F-BF60-D85AC9FFF8E9}.AppStore|x86.ActiveCfg = Debug|Any CPU
		{B072C90E-9CA5-401F-BF60-D85AC9FFF8E9}.AppStore|x86.Build.0 = Debug|Any CPU
		{B072C90E-9CA5-401F-BF60-D85AC9FFF8E9}.AppStore|x86.Deploy.0 = Debug|Any CPU
		{B072C90E-9CA5-401F-BF60-D85AC9FFF8E9}.Debug|Any CPU.ActiveCfg = Debug|Any CPU
		{B072C90E-9CA5-401F-BF60-D85AC9FFF8E9}.Debug|Any CPU.Build.0 = Debug|Any CPU
		{B072C90E-9CA5-401F-BF60-D85AC9FFF8E9}.Debug|Any CPU.Deploy.0 = Debug|Any CPU
		{B072C90E-9CA5-401F-BF60-D85AC9FFF8E9}.Debug|ARM.ActiveCfg = Debug|Any CPU
		{B072C90E-9CA5-401F-BF60-D85AC9FFF8E9}.Debug|ARM.Build.0 = Debug|Any CPU
		{B072C90E-9CA5-401F-BF60-D85AC9FFF8E9}.Debug|ARM.Deploy.0 = Debug|Any CPU
		{B072C90E-9CA5-401F-BF60-D85AC9FFF8E9}.Debug|iPhone.ActiveCfg = Debug|Any CPU
		{B072C90E-9CA5-401F-BF60-D85AC9FFF8E9}.Debug|iPhone.Build.0 = Debug|Any CPU
		{B072C90E-9CA5-401F-BF60-D85AC9FFF8E9}.Debug|iPhone.Deploy.0 = Debug|Any CPU
		{B072C90E-9CA5-401F-BF60-D85AC9FFF8E9}.Debug|iPhoneSimulator.ActiveCfg = Debug|Any CPU
		{B072C90E-9CA5-401F-BF60-D85AC9FFF8E9}.Debug|iPhoneSimulator.Build.0 = Debug|Any CPU
		{B072C90E-9CA5-401F-BF60-D85AC9FFF8E9}.Debug|iPhoneSimulator.Deploy.0 = Debug|Any CPU
		{B072C90E-9CA5-401F-BF60-D85AC9FFF8E9}.Debug|x64.ActiveCfg = Debug|Any CPU
		{B072C90E-9CA5-401F-BF60-D85AC9FFF8E9}.Debug|x64.Build.0 = Debug|Any CPU
		{B072C90E-9CA5-401F-BF60-D85AC9FFF8E9}.Debug|x64.Deploy.0 = Debug|Any CPU
		{B072C90E-9CA5-401F-BF60-D85AC9FFF8E9}.Debug|x86.ActiveCfg = Debug|Any CPU
		{B072C90E-9CA5-401F-BF60-D85AC9FFF8E9}.Debug|x86.Build.0 = Debug|Any CPU
		{B072C90E-9CA5-401F-BF60-D85AC9FFF8E9}.Debug|x86.Deploy.0 = Debug|Any CPU
		{B072C90E-9CA5-401F-BF60-D85AC9FFF8E9}.Release|Any CPU.ActiveCfg = Release|Any CPU
		{B072C90E-9CA5-401F-BF60-D85AC9FFF8E9}.Release|Any CPU.Build.0 = Release|Any CPU
		{B072C90E-9CA5-401F-BF60-D85AC9FFF8E9}.Release|Any CPU.Deploy.0 = Release|Any CPU
		{B072C90E-9CA5-401F-BF60-D85AC9FFF8E9}.Release|ARM.ActiveCfg = Release|Any CPU
		{B072C90E-9CA5-401F-BF60-D85AC9FFF8E9}.Release|ARM.Build.0 = Release|Any CPU
		{B072C90E-9CA5-401F-BF60-D85AC9FFF8E9}.Release|ARM.Deploy.0 = Release|Any CPU
		{B072C90E-9CA5-401F-BF60-D85AC9FFF8E9}.Release|iPhone.ActiveCfg = Release|Any CPU
		{B072C90E-9CA5-401F-BF60-D85AC9FFF8E9}.Release|iPhone.Build.0 = Release|Any CPU
		{B072C90E-9CA5-401F-BF60-D85AC9FFF8E9}.Release|iPhone.Deploy.0 = Release|Any CPU
		{B072C90E-9CA5-401F-BF60-D85AC9FFF8E9}.Release|iPhoneSimulator.ActiveCfg = Release|Any CPU
		{B072C90E-9CA5-401F-BF60-D85AC9FFF8E9}.Release|iPhoneSimulator.Build.0 = Release|Any CPU
		{B072C90E-9CA5-401F-BF60-D85AC9FFF8E9}.Release|iPhoneSimulator.Deploy.0 = Release|Any CPU
		{B072C90E-9CA5-401F-BF60-D85AC9FFF8E9}.Release|x64.ActiveCfg = Release|Any CPU
		{B072C90E-9CA5-401F-BF60-D85AC9FFF8E9}.Release|x64.Build.0 = Release|Any CPU
		{B072C90E-9CA5-401F-BF60-D85AC9FFF8E9}.Release|x64.Deploy.0 = Release|Any CPU
		{B072C90E-9CA5-401F-BF60-D85AC9FFF8E9}.Release|x86.ActiveCfg = Release|Any CPU
		{B072C90E-9CA5-401F-BF60-D85AC9FFF8E9}.Release|x86.Build.0 = Release|Any CPU
		{B072C90E-9CA5-401F-BF60-D85AC9FFF8E9}.Release|x86.Deploy.0 = Release|Any CPU
	EndGlobalSection
	GlobalSection(SolutionProperties) = preSolution
		HideSolutionNode = FALSE
	EndGlobalSection
	GlobalSection(ExtensibilityGlobals) = postSolution
		SolutionGuid = {E4D4CBBF-80EF-45F1-9913-271EDCB0570A}
	EndGlobalSection
EndGlobal
